Microsoft Visual Studio Solution File, Format Version 12.00
# Visual Studio Version 17
VisualStudioVersion = 17.5.2.0
MinimumVisualStudioVersion = 10.0.40219.1
Project("{FAE04EC0-301F-11D3-BF4B-00C04F79EFBC}") = "efcoreApp", "efcoreApp\efcoreApp.csproj", "{7C855036-872C-5301-296D-53AFB70CA640}"
EndProject
Global
	GlobalSection(SolutionConfigurationPlatforms) = preSolution
		Debug|Any CPU = Debug|Any CPU
		Release|Any CPU = Release|Any CPU
	EndGlobalSection
	GlobalSection(ProjectConfigurationPlatforms) = postSolution
		{7C855036-872C-5301-296D-53AFB70CA640}.Debug|Any CPU.ActiveCfg = Debug|Any CPU
		{7C855036-872C-5301-296D-53AFB70CA640}.Debug|Any CPU.Build.0 = Debug|Any CPU
		{7C855036-872C-5301-296D-53AFB70CA640}.Release|Any CPU.ActiveCfg = Release|Any CPU
		{7C855036-872C-5301-296D-53AFB70CA640}.Release|Any CPU.Build.0 = Release|Any CPU
	EndGlobalSection
	GlobalSection(SolutionProperties) = preSolution
		HideSolutionNode = FALSE
	EndGlobalSection
	GlobalSection(ExtensibilityGlobals) = postSolution
		SolutionGuid = {57A93784-8402-442C-A431-828721D18EC0}
	EndGlobalSection
EndGlobal
